# This file is generated by running "yarn install" inside your project.
# Manual changes might be lost - proceed with caution!

__metadata:
  version: 4
  cacheKey: 7

"misc-typescript@workspace:.":
  version: 0.0.0-use.local
  resolution: "misc-typescript@workspace:."
  dependencies:
    prettier: ^2.2.1
    tsc: ^1.20150623.0
    typescript: ^4.2.3
  languageName: unknown
  linkType: soft

"prettier@npm:^2.2.1":
  version: 2.2.1
  resolution: "prettier@npm:2.2.1"
  bin:
    prettier: bin-prettier.js
  checksum: 92c6c9f4b87eba1f28466edee57dd18c80d00b858edda77d46d1950d20e6e302b68ee255fc91133ba931e63c4577b5ae30da194d9626a8f3c0177778b91bf056
  languageName: node
  linkType: hard

"tsc@npm:^1.20150623.0":
  version: 1.20150623.0
  resolution: "tsc@npm:1.20150623.0"
  bin:
    tsc: ./bin/tsc
    tsserver: ./bin/tsserver
  checksum: 648f71fea1459d1e5fe526f10956a1fd6ad4c79be1abdb2e1166d5e57b7acbec9aa72bf074b8cae5d361650a32c08910ab78efaea1cc4b9696aa79ada950d761
  languageName: node
  linkType: hard

typescript@^4.2.3:
  version: 4.2.3
  resolution: "typescript@npm:4.2.3"
  bin:
    tsc: bin/tsc
    tsserver: bin/tsserver
  checksum: 06e8470f317db6f5e2fce809b20eb84a67a7d8179057abff36e5427bd1b891bd08e54581ff81f0fa36aef9b6d1eb0f54eaf6e2643c6dbd4e37a0adcc41eed256
  languageName: node
  linkType: hard

"typescript@patch:typescript@^4.2.3#builtin<compat/typescript>":
  version: 4.2.3
  resolution: "typescript@patch:typescript@npm%3A4.2.3#builtin<compat/typescript>::version=4.2.3&hash=a45b0e"
  bin:
    tsc: bin/tsc
    tsserver: bin/tsserver
  checksum: a8956044aabf730699bcc3c2475efdd3f35e509329325cf60b4989761d4c2188e2c474183e2cf92b8c201fcf976814a5a16f144508b2a832643c4f972d0ab803
  languageName: node
  linkType: hard
